{
  "name": "@perugi/css-reset",
  "version": "1.0.0",
  "lockfileVersion": 3,
  "requires": true,
  "packages": {
    "": {
      "name": "@perugi/css-reset",
      "version": "1.0.0",
      "license": "MIT",
      "dependencies": {
        "modern-normalize": "^3.0.1"
      },
      "devDependencies": {
        "@perugi/prettier-config": "^1.0.2"
      }
    },
    "node_modules/@perugi/prettier-config": {
      "version": "1.0.2",
      "resolved": "https://registry.npmjs.org/@perugi/prettier-config/-/prettier-config-1.0.2.tgz",
      "integrity": "sha512-u0lTua+mOQSvoVq2iINHLptOX5g3L5TxLrJYsXdTsbkylUtKQD8B/O7uczITMPmM+YbPDYygyLoHWeg3BQEFCg==",
      "dev": true
    },
    "node_modules/modern-normalize": {
      "version": "3.0.1",
      "resolved": "https://registry.npmjs.org/modern-normalize/-/modern-normalize-3.0.1.tgz",
      "integrity": "sha512-VqlMdYi59Uch6fnUPxnpijWUQe+TW6zeWCvyr6Mb7JibheHzSuAAoJi2c71ZwIaWKpECpGpYHoaaBp6rBRr+/g==",
      "engines": {
        "node": ">=6"
      },
      "funding": {
        "url": "https://github.com/sponsors/sindresorhus"
      }
    }
  }
}
